<Solution>
  <Folder Name="/src/">
    <Project Path="src/SingularFlow.Cli/SingularFlow.Cli.csproj" />
    <Project Path="src/SingularFlow.Domain/SingularFlow.Domain.csproj" />
  </Folder>
  <Folder Name="/tests/">
    <Project Path="tests/SingularFlow.Domain.Tests/SingularFlow.Domain.Tests.csproj" />
  </Folder>
</Solution>
